
Microsoft Visual Studio Solution File, Format Version 12.00
# Visual Studio Version 17
VisualStudioVersion = 17.9.34728.123
MinimumVisualStudioVersion = 10.0.40219.1
Project("{FAE04EC0-301F-11D3-BF4B-00C04F79EFBC}") = "Wether-pipelines", "Wether-pipelines\Wether-pipelines.csproj", "{F953BAD8-6A33-4759-B775-9A2332CD8530}"
EndProject
Global
	GlobalSection(SolutionConfigurationPlatforms) = preSolution
		Debug|Any CPU = Debug|Any CPU
		Release|Any CPU = Release|Any CPU
	EndGlobalSection
	GlobalSection(ProjectConfigurationPlatforms) = postSolution
		{F953BAD8-6A33-4759-B775-9A2332CD8530}.Debug|Any CPU.ActiveCfg = Debug|Any CPU
		{F953BAD8-6A33-4759-B775-9A2332CD8530}.Debug|Any CPU.Build.0 = Debug|Any CPU
		{F953BAD8-6A33-4759-B775-9A2332CD8530}.Release|Any CPU.ActiveCfg = Release|Any CPU
		{F953BAD8-6A33-4759-B775-9A2332CD8530}.Release|Any CPU.Build.0 = Release|Any CPU
	EndGlobalSection
	GlobalSection(SolutionProperties) = preSolution
		HideSolutionNode = FALSE
	EndGlobalSection
	GlobalSection(ExtensibilityGlobals) = postSolution
		SolutionGuid = {940426BC-1617-4850-9BB0-EF69DD14FBD6}
	EndGlobalSection
EndGlobal
